
Microsoft Visual Studio Solution File, Format Version 12.00
# Visual Studio 15
Project("{FAE04EC0-301F-11D3-BF4B-00C04F79EFBC}") = "Oculus.Interaction.Editor", "Oculus.Interaction.Editor.csproj", "{CD81D19E-0E5D-BD36-EA4E-E780CCC8AB44}"
EndProject
Project("{FAE04EC0-301F-11D3-BF4B-00C04F79EFBC}") = "Meta.WitAi.Conduit", "Meta.WitAi.Conduit.csproj", "{4A4C6C95-FF3B-C189-2BDE-03161E0DD632}"
EndProject
Project("{FAE04EC0-301F-11D3-BF4B-00C04F79EFBC}") = "Oculus.VR", "Oculus.VR.csproj", "{A5C3E124-A401-0282-6098-DA190644BA29}"
EndProject
Project("{FAE04EC0-301F-11D3-BF4B-00C04F79EFBC}") = "Oculus.Interaction", "Oculus.Interaction.csproj", "{14DDF4F7-DB33-D9BF-C111-B8418B371094}"
EndProject
Project("{FAE04EC0-301F-11D3-BF4B-00C04F79EFBC}") = "Meta.Voice.Samples.ShapesConduit", "Meta.Voice.Samples.ShapesConduit.csproj", "{C9B34A17-1F5B-A402-1EF2-4737BD8F5160}"
EndProject
Project("{FAE04EC0-301F-11D3-BF4B-00C04F79EFBC}") = "Meta.WitAi.Editor", "Meta.WitAi.Editor.csproj", "{E70E8FA0-36F2-A15A-DA7B-1A25C8F3EB90}"
EndProject
Project("{FAE04EC0-301F-11D3-BF4B-00C04F79EFBC}") = "Oculus.Platform", "Oculus.Platform.csproj", "{FAB5ABC8-FE8E-1363-EE96-C980EBDF348B}"
EndProject
Project("{FAE04EC0-301F-11D3-BF4B-00C04F79EFBC}") = "VoiceSDK.Telemetry", "VoiceSDK.Telemetry.csproj", "{4D69F4CE-67E2-7870-DC40-C216730FB3BF}"
EndProject
Project("{FAE04EC0-301F-11D3-BF4B-00C04F79EFBC}") = "Meta.WitAi.Conduit.Editor", "Meta.WitAi.Conduit.Editor.csproj", "{3A3BAD35-E2AE-2883-3971-7CC25A00E496}"
EndProject
Project("{FAE04EC0-301F-11D3-BF4B-00C04F79EFBC}") = "Meta.WitAi", "Meta.WitAi.csproj", "{8D505053-235C-E331-9AA8-06EB16052460}"
EndProject
Project("{FAE04EC0-301F-11D3-BF4B-00C04F79EFBC}") = "Oculus.Interaction.OVR.Samples", "Oculus.Interaction.OVR.Samples.csproj", "{629B2789-6886-4C0A-C61F-5CD6CB68531E}"
EndProject
Project("{FAE04EC0-301F-11D3-BF4B-00C04F79EFBC}") = "Assembly-CSharp", "Assembly-CSharp.csproj", "{47D1807F-AE20-7D08-A0A4-EAFB3BBE10D7}"
EndProject
Project("{FAE04EC0-301F-11D3-BF4B-00C04F79EFBC}") = "Meta.WitAi.Lib", "Meta.WitAi.Lib.csproj", "{87D623A0-ACD8-D73B-24C7-C24858EF4323}"
EndProject
Project("{FAE04EC0-301F-11D3-BF4B-00C04F79EFBC}") = "Oculus.VR.Editor", "Oculus.VR.Editor.csproj", "{0EF9B6EB-57D5-515D-9346-4CC98C8F0BD8}"
EndProject
Project("{FAE04EC0-301F-11D3-BF4B-00C04F79EFBC}") = "Meta.Voice.Hub.Runtime", "Meta.Voice.Hub.Runtime.csproj", "{7F13623C-9208-DEC7-44FF-23FE3A6E6263}"
EndProject
Project("{FAE04EC0-301F-11D3-BF4B-00C04F79EFBC}") = "Oculus.Interaction.OVR.Editor", "Oculus.Interaction.OVR.Editor.csproj", "{4C00D96B-CC16-749D-8963-5E32FA494B73}"
EndProject
Project("{FAE04EC0-301F-11D3-BF4B-00C04F79EFBC}") = "VoiceSDK.Dictation.Runtime", "VoiceSDK.Dictation.Runtime.csproj", "{40E1C35F-CC68-0E14-D5A4-7E9BC1550FC7}"
EndProject
Project("{FAE04EC0-301F-11D3-BF4B-00C04F79EFBC}") = "Oculus.LipSync", "Oculus.LipSync.csproj", "{180D073F-948F-E9ED-80CD-1A94B615AD47}"
EndProject
Project("{FAE04EC0-301F-11D3-BF4B-00C04F79EFBC}") = "Oculus.Interaction.OVR", "Oculus.Interaction.OVR.csproj", "{2739FB4A-4EE9-ACD2-30EC-D0B7A3776456}"
EndProject
Project("{FAE04EC0-301F-11D3-BF4B-00C04F79EFBC}") = "Meta.Voice.Hub.Editor", "Meta.Voice.Hub.Editor.csproj", "{582FF227-3658-666F-AB43-FCFA7A1EE9C4}"
EndProject
Project("{FAE04EC0-301F-11D3-BF4B-00C04F79EFBC}") = "VoiceSDK.Editor", "VoiceSDK.Editor.csproj", "{AF8D6463-C30C-CE63-FCB5-230C43EE3781}"
EndProject
Project("{FAE04EC0-301F-11D3-BF4B-00C04F79EFBC}") = "Meta.WitAI.Lib.Editor", "Meta.WitAI.Lib.Editor.csproj", "{74D85099-7F4F-76BE-D687-9D966FDD9D7B}"
EndProject
Project("{FAE04EC0-301F-11D3-BF4B-00C04F79EFBC}") = "Oculus.Spatializer.Editor", "Oculus.Spatializer.Editor.csproj", "{E552F1A0-0454-D23E-AF04-5871B8DF6422}"
EndProject
Project("{FAE04EC0-301F-11D3-BF4B-00C04F79EFBC}") = "AssistantCoreSDKRuntime", "AssistantCoreSDKRuntime.csproj", "{12C608D1-17F2-4CDA-735A-7E122F1B6BAA}"
EndProject
Project("{FAE04EC0-301F-11D3-BF4B-00C04F79EFBC}") = "Oculus.AudioManager", "Oculus.AudioManager.csproj", "{8C2CA6C0-70ED-A92B-0D90-564CA8FE96AB}"
EndProject
Project("{FAE04EC0-301F-11D3-BF4B-00C04F79EFBC}") = "VoiceSDK.Runtime", "VoiceSDK.Runtime.csproj", "{FB8DE6D2-97E5-47D4-2DCA-0A660A5A3A72}"
EndProject
Project("{FAE04EC0-301F-11D3-BF4B-00C04F79EFBC}") = "Facebook.Wit.Dictation", "Facebook.Wit.Dictation.csproj", "{D5026E66-A602-3B55-C8AE-4FA177C1ED56}"
EndProject
Project("{FAE04EC0-301F-11D3-BF4B-00C04F79EFBC}") = "Meta.Voice.Samples.BuiltInTimer", "Meta.Voice.Samples.BuiltInTimer.csproj", "{7FFF90F9-EADA-07EB-F2E1-091CE5F0F0A4}"
EndProject
Project("{FAE04EC0-301F-11D3-BF4B-00C04F79EFBC}") = "Oculus.Platform.Editor", "Oculus.Platform.Editor.csproj", "{6B711157-B0AB-F682-ED75-F30D0C41CCFB}"
EndProject
Project("{FAE04EC0-301F-11D3-BF4B-00C04F79EFBC}") = "Meta.XR.BuildingBlocks.Editor", "Meta.XR.BuildingBlocks.Editor.csproj", "{AE427442-647D-2AF0-1DCC-0583794D86FC}"
EndProject
Project("{FAE04EC0-301F-11D3-BF4B-00C04F79EFBC}") = "Meta.Voice.Samples.TTSVoices", "Meta.Voice.Samples.TTSVoices.csproj", "{D71D6303-D828-DE55-C763-A1C3AEB88C28}"
EndProject
Project("{FAE04EC0-301F-11D3-BF4B-00C04F79EFBC}") = "Meta.Voice.VSDKHub.Editor", "Meta.Voice.VSDKHub.Editor.csproj", "{0A70E374-3EC7-068E-1FA3-947D419998A5}"
EndProject
Project("{FAE04EC0-301F-11D3-BF4B-00C04F79EFBC}") = "Meta.WitAi.TTS", "Meta.WitAi.TTS.csproj", "{D60DC4A0-14D7-C691-AA54-BEA155B27064}"
EndProject
Project("{FAE04EC0-301F-11D3-BF4B-00C04F79EFBC}") = "Oculus.AudioManager.Audio.Editor", "Oculus.AudioManager.Audio.Editor.csproj", "{756180D3-F552-8DCA-47E2-4A1567865A9D}"
EndProject
Project("{FAE04EC0-301F-11D3-BF4B-00C04F79EFBC}") = "Assembly-CSharp-Editor", "Assembly-CSharp-Editor.csproj", "{A6463979-C3C0-44B3-36D2-2C53FADDADE6}"
EndProject
Project("{FAE04EC0-301F-11D3-BF4B-00C04F79EFBC}") = "Meta.Voice.Samples.Chess", "Meta.Voice.Samples.Chess.csproj", "{90229B7A-742B-1775-113A-DD5F2775C024}"
EndProject
Project("{FAE04EC0-301F-11D3-BF4B-00C04F79EFBC}") = "Oculus.VR.Scripts.Editor", "Oculus.VR.Scripts.Editor.csproj", "{490A9414-9927-ADBF-4AA8-5EDDEEB77D9C}"
EndProject
Project("{FAE04EC0-301F-11D3-BF4B-00C04F79EFBC}") = "Meta.Voice.Samples.LightTraits", "Meta.Voice.Samples.LightTraits.csproj", "{79332F69-76D3-41A1-B07E-18BA54DFA6E6}"
EndProject
Project("{FAE04EC0-301F-11D3-BF4B-00C04F79EFBC}") = "Meta.Voice.Samples.Dictation", "Meta.Voice.Samples.Dictation.csproj", "{13094726-B78F-CB1F-623A-B638E299279F}"
EndProject
Project("{FAE04EC0-301F-11D3-BF4B-00C04F79EFBC}") = "Meta.Voice.Samples.Shapes", "Meta.Voice.Samples.Shapes.csproj", "{4EF6CC23-E495-7E96-BA4B-5614F42811E1}"
EndProject
Project("{FAE04EC0-301F-11D3-BF4B-00C04F79EFBC}") = "Oculus.Interaction.Samples.Editor", "Oculus.Interaction.Samples.Editor.csproj", "{F42473B5-2958-A75D-3716-5CB427D16C69}"
EndProject
Project("{FAE04EC0-301F-11D3-BF4B-00C04F79EFBC}") = "Meta.WitAi.TTS.Editor", "Meta.WitAi.TTS.Editor.csproj", "{FC30663F-A44E-A74C-A192-603CC46371F5}"
EndProject
Project("{FAE04EC0-301F-11D3-BF4B-00C04F79EFBC}") = "Meta.XR.BuildingBlocks", "Meta.XR.BuildingBlocks.csproj", "{0ABFE989-FCA1-6175-8726-DBD2723DCDF2}"
EndProject
Project("{FAE04EC0-301F-11D3-BF4B-00C04F79EFBC}") = "Oculus.Spatializer", "Oculus.Spatializer.csproj", "{C932A601-2F95-E6AC-6DEF-6D48E8EF8522}"
EndProject
Project("{FAE04EC0-301F-11D3-BF4B-00C04F79EFBC}") = "Oculus.LipSync.Editor", "Oculus.LipSync.Editor.csproj", "{5CE25787-1257-0EC9-94C1-19E69661D892}"
EndProject
Project("{FAE04EC0-301F-11D3-BF4B-00C04F79EFBC}") = "Oculus.AudioManager.Utils.Editor", "Oculus.AudioManager.Utils.Editor.csproj", "{2DAE4DA6-BCF6-7505-C814-A23A300B336B}"
EndProject
Project("{FAE04EC0-301F-11D3-BF4B-00C04F79EFBC}") = "Meta.VoiceSDK.Mic.Common", "Meta.VoiceSDK.Mic.Common.csproj", "{EF74D1A6-9A89-BB70-4AD1-EC28DC97FA69}"
EndProject
Project("{FAE04EC0-301F-11D3-BF4B-00C04F79EFBC}") = "VoiceSDK.Dictation.Editor", "VoiceSDK.Dictation.Editor.csproj", "{232C04FE-EB76-BCB6-8211-E574C48E2B75}"
EndProject
Project("{FAE04EC0-301F-11D3-BF4B-00C04F79EFBC}") = "Meta.VoiceSDK.Mic.Other", "Meta.VoiceSDK.Mic.Other.csproj", "{F640B869-B5B6-49A0-7323-A9409F4BB50A}"
EndProject
Project("{FAE04EC0-301F-11D3-BF4B-00C04F79EFBC}") = "AssistantCoreSDKEditor", "AssistantCoreSDKEditor.csproj", "{16CCED6C-9714-590E-E394-DF26BB130299}"
EndProject
Project("{FAE04EC0-301F-11D3-BF4B-00C04F79EFBC}") = "Oculus.Interaction.InterfaceSupport", "Oculus.Interaction.InterfaceSupport.csproj", "{CF8B0CC4-1B2D-36AD-7435-F518B96BF266}"
EndProject
Project("{FAE04EC0-301F-11D3-BF4B-00C04F79EFBC}") = "Meta.Voice.Samples.LiveUnderstanding", "Meta.Voice.Samples.LiveUnderstanding.csproj", "{3DDFCAE9-8698-4C13-488F-F72CF4B00348}"
EndProject
Project("{FAE04EC0-301F-11D3-BF4B-00C04F79EFBC}") = "Facebook.Wit.Dictation.Editor", "Facebook.Wit.Dictation.Editor.csproj", "{409AD1C5-3C4B-47A3-4CF9-73E635F13C42}"
EndProject
Project("{FAE04EC0-301F-11D3-BF4B-00C04F79EFBC}") = "Meta.VoiceSDK.Mic.WebGL", "Meta.VoiceSDK.Mic.WebGL.csproj", "{EF650E29-14AC-DF9E-3C73-7288C1A4004E}"
EndProject
Global
	GlobalSection(SolutionConfigurationPlatforms) = preSolution
		Debug|Any CPU = Debug|Any CPU
		Release|Any CPU = Release|Any CPU
	EndGlobalSection
	GlobalSection(ProjectConfigurationPlatforms) = postSolution
		{CD81D19E-0E5D-BD36-EA4E-E780CCC8AB44}.Debug|Any CPU.ActiveCfg = Debug|Any CPU
		{CD81D19E-0E5D-BD36-EA4E-E780CCC8AB44}.Debug|Any CPU.Build.0 = Debug|Any CPU
		{CD81D19E-0E5D-BD36-EA4E-E780CCC8AB44}.Release|Any CPU.ActiveCfg = Release|Any CPU
		{CD81D19E-0E5D-BD36-EA4E-E780CCC8AB44}.Release|Any CPU.Build.0 = Release|Any CPU
		{4A4C6C95-FF3B-C189-2BDE-03161E0DD632}.Debug|Any CPU.ActiveCfg = Debug|Any CPU
		{4A4C6C95-FF3B-C189-2BDE-03161E0DD632}.Debug|Any CPU.Build.0 = Debug|Any CPU
		{4A4C6C95-FF3B-C189-2BDE-03161E0DD632}.Release|Any CPU.ActiveCfg = Release|Any CPU
		{4A4C6C95-FF3B-C189-2BDE-03161E0DD632}.Release|Any CPU.Build.0 = Release|Any CPU
		{A5C3E124-A401-0282-6098-DA190644BA29}.Debug|Any CPU.ActiveCfg = Debug|Any CPU
		{A5C3E124-A401-0282-6098-DA190644BA29}.Debug|Any CPU.Build.0 = Debug|Any CPU
		{A5C3E124-A401-0282-6098-DA190644BA29}.Release|Any CPU.ActiveCfg = Release|Any CPU
		{A5C3E124-A401-0282-6098-DA190644BA29}.Release|Any CPU.Build.0 = Release|Any CPU
		{14DDF4F7-DB33-D9BF-C111-B8418B371094}.Debug|Any CPU.ActiveCfg = Debug|Any CPU
		{14DDF4F7-DB33-D9BF-C111-B8418B371094}.Debug|Any CPU.Build.0 = Debug|Any CPU
		{14DDF4F7-DB33-D9BF-C111-B8418B371094}.Release|Any CPU.ActiveCfg = Release|Any CPU
		{14DDF4F7-DB33-D9BF-C111-B8418B371094}.Release|Any CPU.Build.0 = Release|Any CPU
		{C9B34A17-1F5B-A402-1EF2-4737BD8F5160}.Debug|Any CPU.ActiveCfg = Debug|Any CPU
		{C9B34A17-1F5B-A402-1EF2-4737BD8F5160}.Debug|Any CPU.Build.0 = Debug|Any CPU
		{C9B34A17-1F5B-A402-1EF2-4737BD8F5160}.Release|Any CPU.ActiveCfg = Release|Any CPU
		{C9B34A17-1F5B-A402-1EF2-4737BD8F5160}.Release|Any CPU.Build.0 = Release|Any CPU
		{E70E8FA0-36F2-A15A-DA7B-1A25C8F3EB90}.Debug|Any CPU.ActiveCfg = Debug|Any CPU
		{E70E8FA0-36F2-A15A-DA7B-1A25C8F3EB90}.Debug|Any CPU.Build.0 = Debug|Any CPU
		{E70E8FA0-36F2-A15A-DA7B-1A25C8F3EB90}.Release|Any CPU.ActiveCfg = Release|Any CPU
		{E70E8FA0-36F2-A15A-DA7B-1A25C8F3EB90}.Release|Any CPU.Build.0 = Release|Any CPU
		{FAB5ABC8-FE8E-1363-EE96-C980EBDF348B}.Debug|Any CPU.ActiveCfg = Debug|Any CPU
		{FAB5ABC8-FE8E-1363-EE96-C980EBDF348B}.Debug|Any CPU.Build.0 = Debug|Any CPU
		{FAB5ABC8-FE8E-1363-EE96-C980EBDF348B}.Release|Any CPU.ActiveCfg = Release|Any CPU
		{FAB5ABC8-FE8E-1363-EE96-C980EBDF348B}.Release|Any CPU.Build.0 = Release|Any CPU
		{4D69F4CE-67E2-7870-DC40-C216730FB3BF}.Debug|Any CPU.ActiveCfg = Debug|Any CPU
		{4D69F4CE-67E2-7870-DC40-C216730FB3BF}.Debug|Any CPU.Build.0 = Debug|Any CPU
		{4D69F4CE-67E2-7870-DC40-C216730FB3BF}.Release|Any CPU.ActiveCfg = Release|Any CPU
		{4D69F4CE-67E2-7870-DC40-C216730FB3BF}.Release|Any CPU.Build.0 = Release|Any CPU
		{3A3BAD35-E2AE-2883-3971-7CC25A00E496}.Debug|Any CPU.ActiveCfg = Debug|Any CPU
		{3A3BAD35-E2AE-2883-3971-7CC25A00E496}.Debug|Any CPU.Build.0 = Debug|Any CPU
		{3A3BAD35-E2AE-2883-3971-7CC25A00E496}.Release|Any CPU.ActiveCfg = Release|Any CPU
		{3A3BAD35-E2AE-2883-3971-7CC25A00E496}.Release|Any CPU.Build.0 = Release|Any CPU
		{8D505053-235C-E331-9AA8-06EB16052460}.Debug|Any CPU.ActiveCfg = Debug|Any CPU
		{8D505053-235C-E331-9AA8-06EB16052460}.Debug|Any CPU.Build.0 = Debug|Any CPU
		{8D505053-235C-E331-9AA8-06EB16052460}.Release|Any CPU.ActiveCfg = Release|Any CPU
		{8D505053-235C-E331-9AA8-06EB16052460}.Release|Any CPU.Build.0 = Release|Any CPU
		{629B2789-6886-4C0A-C61F-5CD6CB68531E}.Debug|Any CPU.ActiveCfg = Debug|Any CPU
		{629B2789-6886-4C0A-C61F-5CD6CB68531E}.Debug|Any CPU.Build.0 = Debug|Any CPU
		{629B2789-6886-4C0A-C61F-5CD6CB68531E}.Release|Any CPU.ActiveCfg = Release|Any CPU
		{629B2789-6886-4C0A-C61F-5CD6CB68531E}.Release|Any CPU.Build.0 = Release|Any CPU
		{47D1807F-AE20-7D08-A0A4-EAFB3BBE10D7}.Debug|Any CPU.ActiveCfg = Debug|Any CPU
		{47D1807F-AE20-7D08-A0A4-EAFB3BBE10D7}.Debug|Any CPU.Build.0 = Debug|Any CPU
		{47D1807F-AE20-7D08-A0A4-EAFB3BBE10D7}.Release|Any CPU.ActiveCfg = Release|Any CPU
		{47D1807F-AE20-7D08-A0A4-EAFB3BBE10D7}.Release|Any CPU.Build.0 = Release|Any CPU
		{87D623A0-ACD8-D73B-24C7-C24858EF4323}.Debug|Any CPU.ActiveCfg = Debug|Any CPU
		{87D623A0-ACD8-D73B-24C7-C24858EF4323}.Debug|Any CPU.Build.0 = Debug|Any CPU
		{87D623A0-ACD8-D73B-24C7-C24858EF4323}.Release|Any CPU.ActiveCfg = Release|Any CPU
		{87D623A0-ACD8-D73B-24C7-C24858EF4323}.Release|Any CPU.Build.0 = Release|Any CPU
		{0EF9B6EB-57D5-515D-9346-4CC98C8F0BD8}.Debug|Any CPU.ActiveCfg = Debug|Any CPU
		{0EF9B6EB-57D5-515D-9346-4CC98C8F0BD8}.Debug|Any CPU.Build.0 = Debug|Any CPU
		{0EF9B6EB-57D5-515D-9346-4CC98C8F0BD8}.Release|Any CPU.ActiveCfg = Release|Any CPU
		{0EF9B6EB-57D5-515D-9346-4CC98C8F0BD8}.Release|Any CPU.Build.0 = Release|Any CPU
		{7F13623C-9208-DEC7-44FF-23FE3A6E6263}.Debug|Any CPU.ActiveCfg = Debug|Any CPU
		{7F13623C-9208-DEC7-44FF-23FE3A6E6263}.Debug|Any CPU.Build.0 = Debug|Any CPU
		{7F13623C-9208-DEC7-44FF-23FE3A6E6263}.Release|Any CPU.ActiveCfg = Release|Any CPU
		{7F13623C-9208-DEC7-44FF-23FE3A6E6263}.Release|Any CPU.Build.0 = Release|Any CPU
		{4C00D96B-CC16-749D-8963-5E32FA494B73}.Debug|Any CPU.ActiveCfg = Debug|Any CPU
		{4C00D96B-CC16-749D-8963-5E32FA494B73}.Debug|Any CPU.Build.0 = Debug|Any CPU
		{4C00D96B-CC16-749D-8963-5E32FA494B73}.Release|Any CPU.ActiveCfg = Release|Any CPU
		{4C00D96B-CC16-749D-8963-5E32FA494B73}.Release|Any CPU.Build.0 = Release|Any CPU
		{40E1C35F-CC68-0E14-D5A4-7E9BC1550FC7}.Debug|Any CPU.ActiveCfg = Debug|Any CPU
		{40E1C35F-CC68-0E14-D5A4-7E9BC1550FC7}.Debug|Any CPU.Build.0 = Debug|Any CPU
		{40E1C35F-CC68-0E14-D5A4-7E9BC1550FC7}.Release|Any CPU.ActiveCfg = Release|Any CPU
		{40E1C35F-CC68-0E14-D5A4-7E9BC1550FC7}.Release|Any CPU.Build.0 = Release|Any CPU
		{180D073F-948F-E9ED-80CD-1A94B615AD47}.Debug|Any CPU.ActiveCfg = Debug|Any CPU
		{180D073F-948F-E9ED-80CD-1A94B615AD47}.Debug|Any CPU.Build.0 = Debug|Any CPU
		{180D073F-948F-E9ED-80CD-1A94B615AD47}.Release|Any CPU.ActiveCfg = Release|Any CPU
		{180D073F-948F-E9ED-80CD-1A94B615AD47}.Release|Any CPU.Build.0 = Release|Any CPU
		{2739FB4A-4EE9-ACD2-30EC-D0B7A3776456}.Debug|Any CPU.ActiveCfg = Debug|Any CPU
		{2739FB4A-4EE9-ACD2-30EC-D0B7A3776456}.Debug|Any CPU.Build.0 = Debug|Any CPU
		{2739FB4A-4EE9-ACD2-30EC-D0B7A3776456}.Release|Any CPU.ActiveCfg = Release|Any CPU
		{2739FB4A-4EE9-ACD2-30EC-D0B7A3776456}.Release|Any CPU.Build.0 = Release|Any CPU
		{582FF227-3658-666F-AB43-FCFA7A1EE9C4}.Debug|Any CPU.ActiveCfg = Debug|Any CPU
		{582FF227-3658-666F-AB43-FCFA7A1EE9C4}.Debug|Any CPU.Build.0 = Debug|Any CPU
		{582FF227-3658-666F-AB43-FCFA7A1EE9C4}.Release|Any CPU.ActiveCfg = Release|Any CPU
		{582FF227-3658-666F-AB43-FCFA7A1EE9C4}.Release|Any CPU.Build.0 = Release|Any CPU
		{AF8D6463-C30C-CE63-FCB5-230C43EE3781}.Debug|Any CPU.ActiveCfg = Debug|Any CPU
		{AF8D6463-C30C-CE63-FCB5-230C43EE3781}.Debug|Any CPU.Build.0 = Debug|Any CPU
		{AF8D6463-C30C-CE63-FCB5-230C43EE3781}.Release|Any CPU.ActiveCfg = Release|Any CPU
		{AF8D6463-C30C-CE63-FCB5-230C43EE3781}.Release|Any CPU.Build.0 = Release|Any CPU
		{74D85099-7F4F-76BE-D687-9D966FDD9D7B}.Debug|Any CPU.ActiveCfg = Debug|Any CPU
		{74D85099-7F4F-76BE-D687-9D966FDD9D7B}.Debug|Any CPU.Build.0 = Debug|Any CPU
		{74D85099-7F4F-76BE-D687-9D966FDD9D7B}.Release|Any CPU.ActiveCfg = Release|Any CPU
		{74D85099-7F4F-76BE-D687-9D966FDD9D7B}.Release|Any CPU.Build.0 = Release|Any CPU
		{E552F1A0-0454-D23E-AF04-5871B8DF6422}.Debug|Any CPU.ActiveCfg = Debug|Any CPU
		{E552F1A0-0454-D23E-AF04-5871B8DF6422}.Debug|Any CPU.Build.0 = Debug|Any CPU
		{E552F1A0-0454-D23E-AF04-5871B8DF6422}.Release|Any CPU.ActiveCfg = Release|Any CPU
		{E552F1A0-0454-D23E-AF04-5871B8DF6422}.Release|Any CPU.Build.0 = Release|Any CPU
		{12C608D1-17F2-4CDA-735A-7E122F1B6BAA}.Debug|Any CPU.ActiveCfg = Debug|Any CPU
		{12C608D1-17F2-4CDA-735A-7E122F1B6BAA}.Debug|Any CPU.Build.0 = Debug|Any CPU
		{12C608D1-17F2-4CDA-735A-7E122F1B6BAA}.Release|Any CPU.ActiveCfg = Release|Any CPU
		{12C608D1-17F2-4CDA-735A-7E122F1B6BAA}.Release|Any CPU.Build.0 = Release|Any CPU
		{8C2CA6C0-70ED-A92B-0D90-564CA8FE96AB}.Debug|Any CPU.ActiveCfg = Debug|Any CPU
		{8C2CA6C0-70ED-A92B-0D90-564CA8FE96AB}.Debug|Any CPU.Build.0 = Debug|Any CPU
		{8C2CA6C0-70ED-A92B-0D90-564CA8FE96AB}.Release|Any CPU.ActiveCfg = Release|Any CPU
		{8C2CA6C0-70ED-A92B-0D90-564CA8FE96AB}.Release|Any CPU.Build.0 = Release|Any CPU
		{FB8DE6D2-97E5-47D4-2DCA-0A660A5A3A72}.Debug|Any CPU.ActiveCfg = Debug|Any CPU
		{FB8DE6D2-97E5-47D4-2DCA-0A660A5A3A72}.Debug|Any CPU.Build.0 = Debug|Any CPU
		{FB8DE6D2-97E5-47D4-2DCA-0A660A5A3A72}.Release|Any CPU.ActiveCfg = Release|Any CPU
		{FB8DE6D2-97E5-47D4-2DCA-0A660A5A3A72}.Release|Any CPU.Build.0 = Release|Any CPU
		{D5026E66-A602-3B55-C8AE-4FA177C1ED56}.Debug|Any CPU.ActiveCfg = Debug|Any CPU
		{D5026E66-A602-3B55-C8AE-4FA177C1ED56}.Debug|Any CPU.Build.0 = Debug|Any CPU
		{D5026E66-A602-3B55-C8AE-4FA177C1ED56}.Release|Any CPU.ActiveCfg = Release|Any CPU
		{D5026E66-A602-3B55-C8AE-4FA177C1ED56}.Release|Any CPU.Build.0 = Release|Any CPU
		{7FFF90F9-EADA-07EB-F2E1-091CE5F0F0A4}.Debug|Any CPU.ActiveCfg = Debug|Any CPU
		{7FFF90F9-EADA-07EB-F2E1-091CE5F0F0A4}.Debug|Any CPU.Build.0 = Debug|Any CPU
		{7FFF90F9-EADA-07EB-F2E1-091CE5F0F0A4}.Release|Any CPU.ActiveCfg = Release|Any CPU
		{7FFF90F9-EADA-07EB-F2E1-091CE5F0F0A4}.Release|Any CPU.Build.0 = Release|Any CPU
		{6B711157-B0AB-F682-ED75-F30D0C41CCFB}.Debug|Any CPU.ActiveCfg = Debug|Any CPU
		{6B711157-B0AB-F682-ED75-F30D0C41CCFB}.Debug|Any CPU.Build.0 = Debug|Any CPU
		{6B711157-B0AB-F682-ED75-F30D0C41CCFB}.Release|Any CPU.ActiveCfg = Release|Any CPU
		{6B711157-B0AB-F682-ED75-F30D0C41CCFB}.Release|Any CPU.Build.0 = Release|Any CPU
		{AE427442-647D-2AF0-1DCC-0583794D86FC}.Debug|Any CPU.ActiveCfg = Debug|Any CPU
		{AE427442-647D-2AF0-1DCC-0583794D86FC}.Debug|Any CPU.Build.0 = Debug|Any CPU
		{AE427442-647D-2AF0-1DCC-0583794D86FC}.Release|Any CPU.ActiveCfg = Release|Any CPU
		{AE427442-647D-2AF0-1DCC-0583794D86FC}.Release|Any CPU.Build.0 = Release|Any CPU
		{D71D6303-D828-DE55-C763-A1C3AEB88C28}.Debug|Any CPU.ActiveCfg = Debug|Any CPU
		{D71D6303-D828-DE55-C763-A1C3AEB88C28}.Debug|Any CPU.Build.0 = Debug|Any CPU
		{D71D6303-D828-DE55-C763-A1C3AEB88C28}.Release|Any CPU.ActiveCfg = Release|Any CPU
		{D71D6303-D828-DE55-C763-A1C3AEB88C28}.Release|Any CPU.Build.0 = Release|Any CPU
		{0A70E374-3EC7-068E-1FA3-947D419998A5}.Debug|Any CPU.ActiveCfg = Debug|Any CPU
		{0A70E374-3EC7-068E-1FA3-947D419998A5}.Debug|Any CPU.Build.0 = Debug|Any CPU
		{0A70E374-3EC7-068E-1FA3-947D419998A5}.Release|Any CPU.ActiveCfg = Release|Any CPU
		{0A70E374-3EC7-068E-1FA3-947D419998A5}.Release|Any CPU.Build.0 = Release|Any CPU
		{D60DC4A0-14D7-C691-AA54-BEA155B27064}.Debug|Any CPU.ActiveCfg = Debug|Any CPU
		{D60DC4A0-14D7-C691-AA54-BEA155B27064}.Debug|Any CPU.Build.0 = Debug|Any CPU
		{D60DC4A0-14D7-C691-AA54-BEA155B27064}.Release|Any CPU.ActiveCfg = Release|Any CPU
		{D60DC4A0-14D7-C691-AA54-BEA155B27064}.Release|Any CPU.Build.0 = Release|Any CPU
		{756180D3-F552-8DCA-47E2-4A1567865A9D}.Debug|Any CPU.ActiveCfg = Debug|Any CPU
		{756180D3-F552-8DCA-47E2-4A1567865A9D}.Debug|Any CPU.Build.0 = Debug|Any CPU
		{756180D3-F552-8DCA-47E2-4A1567865A9D}.Release|Any CPU.ActiveCfg = Release|Any CPU
		{756180D3-F552-8DCA-47E2-4A1567865A9D}.Release|Any CPU.Build.0 = Release|Any CPU
		{A6463979-C3C0-44B3-36D2-2C53FADDADE6}.Debug|Any CPU.ActiveCfg = Debug|Any CPU
		{A6463979-C3C0-44B3-36D2-2C53FADDADE6}.Debug|Any CPU.Build.0 = Debug|Any CPU
		{A6463979-C3C0-44B3-36D2-2C53FADDADE6}.Release|Any CPU.ActiveCfg = Release|Any CPU
		{A6463979-C3C0-44B3-36D2-2C53FADDADE6}.Release|Any CPU.Build.0 = Release|Any CPU
		{90229B7A-742B-1775-113A-DD5F2775C024}.Debug|Any CPU.ActiveCfg = Debug|Any CPU
		{90229B7A-742B-1775-113A-DD5F2775C024}.Debug|Any CPU.Build.0 = Debug|Any CPU
		{90229B7A-742B-1775-113A-DD5F2775C024}.Release|Any CPU.ActiveCfg = Release|Any CPU
		{90229B7A-742B-1775-113A-DD5F2775C024}.Release|Any CPU.Build.0 = Release|Any CPU
		{490A9414-9927-ADBF-4AA8-5EDDEEB77D9C}.Debug|Any CPU.ActiveCfg = Debug|Any CPU
		{490A9414-9927-ADBF-4AA8-5EDDEEB77D9C}.Debug|Any CPU.Build.0 = Debug|Any CPU
		{490A9414-9927-ADBF-4AA8-5EDDEEB77D9C}.Release|Any CPU.ActiveCfg = Release|Any CPU
		{490A9414-9927-ADBF-4AA8-5EDDEEB77D9C}.Release|Any CPU.Build.0 = Release|Any CPU
		{79332F69-76D3-41A1-B07E-18BA54DFA6E6}.Debug|Any CPU.ActiveCfg = Debug|Any CPU
		{79332F69-76D3-41A1-B07E-18BA54DFA6E6}.Debug|Any CPU.Build.0 = Debug|Any CPU
		{79332F69-76D3-41A1-B07E-18BA54DFA6E6}.Release|Any CPU.ActiveCfg = Release|Any CPU
		{79332F69-76D3-41A1-B07E-18BA54DFA6E6}.Release|Any CPU.Build.0 = Release|Any CPU
		{13094726-B78F-CB1F-623A-B638E299279F}.Debug|Any CPU.ActiveCfg = Debug|Any CPU
		{13094726-B78F-CB1F-623A-B638E299279F}.Debug|Any CPU.Build.0 = Debug|Any CPU
		{13094726-B78F-CB1F-623A-B638E299279F}.Release|Any CPU.ActiveCfg = Release|Any CPU
		{13094726-B78F-CB1F-623A-B638E299279F}.Release|Any CPU.Build.0 = Release|Any CPU
		{4EF6CC23-E495-7E96-BA4B-5614F42811E1}.Debug|Any CPU.ActiveCfg = Debug|Any CPU
		{4EF6CC23-E495-7E96-BA4B-5614F42811E1}.Debug|Any CPU.Build.0 = Debug|Any CPU
		{4EF6CC23-E495-7E96-BA4B-5614F42811E1}.Release|Any CPU.ActiveCfg = Release|Any CPU
		{4EF6CC23-E495-7E96-BA4B-5614F42811E1}.Release|Any CPU.Build.0 = Release|Any CPU
		{F42473B5-2958-A75D-3716-5CB427D16C69}.Debug|Any CPU.ActiveCfg = Debug|Any CPU
		{F42473B5-2958-A75D-3716-5CB427D16C69}.Debug|Any CPU.Build.0 = Debug|Any CPU
		{F42473B5-2958-A75D-3716-5CB427D16C69}.Release|Any CPU.ActiveCfg = Release|Any CPU
		{F42473B5-2958-A75D-3716-5CB427D16C69}.Release|Any CPU.Build.0 = Release|Any CPU
		{FC30663F-A44E-A74C-A192-603CC46371F5}.Debug|Any CPU.ActiveCfg = Debug|Any CPU
		{FC30663F-A44E-A74C-A192-603CC46371F5}.Debug|Any CPU.Build.0 = Debug|Any CPU
		{FC30663F-A44E-A74C-A192-603CC46371F5}.Release|Any CPU.ActiveCfg = Release|Any CPU
		{FC30663F-A44E-A74C-A192-603CC46371F5}.Release|Any CPU.Build.0 = Release|Any CPU
		{0ABFE989-FCA1-6175-8726-DBD2723DCDF2}.Debug|Any CPU.ActiveCfg = Debug|Any CPU
		{0ABFE989-FCA1-6175-8726-DBD2723DCDF2}.Debug|Any CPU.Build.0 = Debug|Any CPU
		{0ABFE989-FCA1-6175-8726-DBD2723DCDF2}.Release|Any CPU.ActiveCfg = Release|Any CPU
		{0ABFE989-FCA1-6175-8726-DBD2723DCDF2}.Release|Any CPU.Build.0 = Release|Any CPU
		{C932A601-2F95-E6AC-6DEF-6D48E8EF8522}.Debug|Any CPU.ActiveCfg = Debug|Any CPU
		{C932A601-2F95-E6AC-6DEF-6D48E8EF8522}.Debug|Any CPU.Build.0 = Debug|Any CPU
		{C932A601-2F95-E6AC-6DEF-6D48E8EF8522}.Release|Any CPU.ActiveCfg = Release|Any CPU
		{C932A601-2F95-E6AC-6DEF-6D48E8EF8522}.Release|Any CPU.Build.0 = Release|Any CPU
		{5CE25787-1257-0EC9-94C1-19E69661D892}.Debug|Any CPU.ActiveCfg = Debug|Any CPU
		{5CE25787-1257-0EC9-94C1-19E69661D892}.Debug|Any CPU.Build.0 = Debug|Any CPU
		{5CE25787-1257-0EC9-94C1-19E69661D892}.Release|Any CPU.ActiveCfg = Release|Any CPU
		{5CE25787-1257-0EC9-94C1-19E69661D892}.Release|Any CPU.Build.0 = Release|Any CPU
		{2DAE4DA6-BCF6-7505-C814-A23A300B336B}.Debug|Any CPU.ActiveCfg = Debug|Any CPU
		{2DAE4DA6-BCF6-7505-C814-A23A300B336B}.Debug|Any CPU.Build.0 = Debug|Any CPU
		{2DAE4DA6-BCF6-7505-C814-A23A300B336B}.Release|Any CPU.ActiveCfg = Release|Any CPU
		{2DAE4DA6-BCF6-7505-C814-A23A300B336B}.Release|Any CPU.Build.0 = Release|Any CPU
		{EF74D1A6-9A89-BB70-4AD1-EC28DC97FA69}.Debug|Any CPU.ActiveCfg = Debug|Any CPU
		{EF74D1A6-9A89-BB70-4AD1-EC28DC97FA69}.Debug|Any CPU.Build.0 = Debug|Any CPU
		{EF74D1A6-9A89-BB70-4AD1-EC28DC97FA69}.Release|Any CPU.ActiveCfg = Release|Any CPU
		{EF74D1A6-9A89-BB70-4AD1-EC28DC97FA69}.Release|Any CPU.Build.0 = Release|Any CPU
		{232C04FE-EB76-BCB6-8211-E574C48E2B75}.Debug|Any CPU.ActiveCfg = Debug|Any CPU
		{232C04FE-EB76-BCB6-8211-E574C48E2B75}.Debug|Any CPU.Build.0 = Debug|Any CPU
		{232C04FE-EB76-BCB6-8211-E574C48E2B75}.Release|Any CPU.ActiveCfg = Release|Any CPU
		{232C04FE-EB76-BCB6-8211-E574C48E2B75}.Release|Any CPU.Build.0 = Release|Any CPU
		{F640B869-B5B6-49A0-7323-A9409F4BB50A}.Debug|Any CPU.ActiveCfg = Debug|Any CPU
		{F640B869-B5B6-49A0-7323-A9409F4BB50A}.Debug|Any CPU.Build.0 = Debug|Any CPU
		{F640B869-B5B6-49A0-7323-A9409F4BB50A}.Release|Any CPU.ActiveCfg = Release|Any CPU
		{F640B869-B5B6-49A0-7323-A9409F4BB50A}.Release|Any CPU.Build.0 = Release|Any CPU
		{16CCED6C-9714-590E-E394-DF26BB130299}.Debug|Any CPU.ActiveCfg = Debug|Any CPU
		{16CCED6C-9714-590E-E394-DF26BB130299}.Debug|Any CPU.Build.0 = Debug|Any CPU
		{16CCED6C-9714-590E-E394-DF26BB130299}.Release|Any CPU.ActiveCfg = Release|Any CPU
		{16CCED6C-9714-590E-E394-DF26BB130299}.Release|Any CPU.Build.0 = Release|Any CPU
		{CF8B0CC4-1B2D-36AD-7435-F518B96BF266}.Debug|Any CPU.ActiveCfg = Debug|Any CPU
		{CF8B0CC4-1B2D-36AD-7435-F518B96BF266}.Debug|Any CPU.Build.0 = Debug|Any CPU
		{CF8B0CC4-1B2D-36AD-7435-F518B96BF266}.Release|Any CPU.ActiveCfg = Release|Any CPU
		{CF8B0CC4-1B2D-36AD-7435-F518B96BF266}.Release|Any CPU.Build.0 = Release|Any CPU
		{3DDFCAE9-8698-4C13-488F-F72CF4B00348}.Debug|Any CPU.ActiveCfg = Debug|Any CPU
		{3DDFCAE9-8698-4C13-488F-F72CF4B00348}.Debug|Any CPU.Build.0 = Debug|Any CPU
		{3DDFCAE9-8698-4C13-488F-F72CF4B00348}.Release|Any CPU.ActiveCfg = Release|Any CPU
		{3DDFCAE9-8698-4C13-488F-F72CF4B00348}.Release|Any CPU.Build.0 = Release|Any CPU
		{409AD1C5-3C4B-47A3-4CF9-73E635F13C42}.Debug|Any CPU.ActiveCfg = Debug|Any CPU
		{409AD1C5-3C4B-47A3-4CF9-73E635F13C42}.Debug|Any CPU.Build.0 = Debug|Any CPU
		{409AD1C5-3C4B-47A3-4CF9-73E635F13C42}.Release|Any CPU.ActiveCfg = Release|Any CPU
		{409AD1C5-3C4B-47A3-4CF9-73E635F13C42}.Release|Any CPU.Build.0 = Release|Any CPU
		{EF650E29-14AC-DF9E-3C73-7288C1A4004E}.Debug|Any CPU.ActiveCfg = Debug|Any CPU
		{EF650E29-14AC-DF9E-3C73-7288C1A4004E}.Debug|Any CPU.Build.0 = Debug|Any CPU
		{EF650E29-14AC-DF9E-3C73-7288C1A4004E}.Release|Any CPU.ActiveCfg = Release|Any CPU
		{EF650E29-14AC-DF9E-3C73-7288C1A4004E}.Release|Any CPU.Build.0 = Release|Any CPU
	EndGlobalSection
	GlobalSection(SolutionProperties) = preSolution
		HideSolutionNode = FALSE
	EndGlobalSection
EndGlobal
